{"name":"gha-cosign-version","key":"https://github.com/sigstore/cosign.git","version":"v3.0.1"}
{"name":"gha-uses-commit","key":"https://github.com/actions/checkout.git:v5.0.0","version":"08c6903cd8c0fde910a37f88322edcfb5dd907a8"}
{"name":"gha-uses-commit","key":"https://github.com/actions/setup-go.git:v6.0.0","version":"44694675825211faa026b3c33043df3e48a5fa00"}
{"name":"gha-uses-commit","key":"https://github.com/sigstore/cosign-installer.git:v3.10.0","version":"d7543c93d881b35a8faa02e8e3605f69b7a1ce62"}
{"name":"gha-uses-semver","key":"https://github.com/actions/checkout.git","version":"v5.0.0"}
{"name":"gha-uses-semver","key":"https://github.com/actions/setup-go.git","version":"v6.0.0"}
{"name":"gha-uses-semver","key":"https://github.com/sigstore/cosign-installer.git","version":"v3.10.0"}
